
Microsoft Visual Studio Solution File, Format Version 10.00
# Visual Studio 2008
Project("{F184B08F-C81C-45F6-A57F-5ABD9991F28F}") = "GridSliceLib", "GridSliceLib\GridSliceLib.vbproj", "{3DCAD5D5-7348-48E9-9943-4846718EF569}"
EndProject
Project("{F184B08F-C81C-45F6-A57F-5ABD9991F28F}") = "GridSlice", "GridSliceGUI\GridSlice.vbproj", "{3A420D28-DD44-4BB2-97BC-9DF05AEEDC61}"
EndProject
Global
	GlobalSection(SolutionConfigurationPlatforms) = preSolution
		Debug|Any CPU = Debug|Any CPU
		Release|Any CPU = Release|Any CPU
	EndGlobalSection
	GlobalSection(ProjectConfigurationPlatforms) = postSolution
		{3DCAD5D5-7348-48E9-9943-4846718EF569}.Debug|Any CPU.ActiveCfg = Debug|Any CPU
		{3DCAD5D5-7348-48E9-9943-4846718EF569}.Debug|Any CPU.Build.0 = Debug|Any CPU
		{3DCAD5D5-7348-48E9-9943-4846718EF569}.Release|Any CPU.ActiveCfg = Release|Any CPU
		{3DCAD5D5-7348-48E9-9943-4846718EF569}.Release|Any CPU.Build.0 = Release|Any CPU
		{3A420D28-DD44-4BB2-97BC-9DF05AEEDC61}.Debug|Any CPU.ActiveCfg = Debug|Any CPU
		{3A420D28-DD44-4BB2-97BC-9DF05AEEDC61}.Debug|Any CPU.Build.0 = Debug|Any CPU
		{3A420D28-DD44-4BB2-97BC-9DF05AEEDC61}.Release|Any CPU.ActiveCfg = Release|Any CPU
		{3A420D28-DD44-4BB2-97BC-9DF05AEEDC61}.Release|Any CPU.Build.0 = Release|Any CPU
	EndGlobalSection
	GlobalSection(SolutionProperties) = preSolution
		HideSolutionNode = FALSE
	EndGlobalSection
EndGlobal
